
Microsoft Visual Studio Solution File, Format Version 12.00
# Visual Studio Version 17
VisualStudioVersion = 17.9.34728.123
MinimumVisualStudioVersion = 10.0.40219.1
Project("{FAE04EC0-301F-11D3-BF4B-00C04F79EFBC}") = "PRN232_SU25_GroupProject.DataAccess", "PRN232_SU25_GroupProject.DataAccess\PRN232_SU25_GroupProject.DataAccess.csproj", "{B6E5EBFC-3065-4EB0-9631-3AE2736E7B7C}"
EndProject
Project("{FAE04EC0-301F-11D3-BF4B-00C04F79EFBC}") = "PRN232_SU25_GroupProject.Business", "PRN232_SU25_GroupProject.Business\PRN232_SU25_GroupProject.Business.csproj", "{FDA74EEA-66EF-4B3B-B854-E9F9F259C749}"
EndProject
Project("{FAE04EC0-301F-11D3-BF4B-00C04F79EFBC}") = "PRN232_SU25_GroupProject.Presentation", "PRN232_SU25_GroupProject.Presentation\PRN232_SU25_GroupProject.Presentation.csproj", "{85F730B9-212D-467C-B247-A45710DED809}"
EndProject
Global
	GlobalSection(SolutionConfigurationPlatforms) = preSolution
		Debug|Any CPU = Debug|Any CPU
		Release|Any CPU = Release|Any CPU
	EndGlobalSection
	GlobalSection(ProjectConfigurationPlatforms) = postSolution
		{B6E5EBFC-3065-4EB0-9631-3AE2736E7B7C}.Debug|Any CPU.ActiveCfg = Debug|Any CPU
		{B6E5EBFC-3065-4EB0-9631-3AE2736E7B7C}.Debug|Any CPU.Build.0 = Debug|Any CPU
		{B6E5EBFC-3065-4EB0-9631-3AE2736E7B7C}.Release|Any CPU.ActiveCfg = Release|Any CPU
		{B6E5EBFC-3065-4EB0-9631-3AE2736E7B7C}.Release|Any CPU.Build.0 = Release|Any CPU
		{FDA74EEA-66EF-4B3B-B854-E9F9F259C749}.Debug|Any CPU.ActiveCfg = Debug|Any CPU
		{FDA74EEA-66EF-4B3B-B854-E9F9F259C749}.Debug|Any CPU.Build.0 = Debug|Any CPU
		{FDA74EEA-66EF-4B3B-B854-E9F9F259C749}.Release|Any CPU.ActiveCfg = Release|Any CPU
		{FDA74EEA-66EF-4B3B-B854-E9F9F259C749}.Release|Any CPU.Build.0 = Release|Any CPU
		{85F730B9-212D-467C-B247-A45710DED809}.Debug|Any CPU.ActiveCfg = Debug|Any CPU
		{85F730B9-212D-467C-B247-A45710DED809}.Debug|Any CPU.Build.0 = Debug|Any CPU
		{85F730B9-212D-467C-B247-A45710DED809}.Release|Any CPU.ActiveCfg = Release|Any CPU
		{85F730B9-212D-467C-B247-A45710DED809}.Release|Any CPU.Build.0 = Release|Any CPU
	EndGlobalSection
	GlobalSection(SolutionProperties) = preSolution
		HideSolutionNode = FALSE
	EndGlobalSection
	GlobalSection(ExtensibilityGlobals) = postSolution
		SolutionGuid = {B22416A9-8F84-4C61-8C20-2D0B08F11B1C}
	EndGlobalSection
EndGlobal
